<?xml version="1.0" encoding="utf-8"?>
<Project ToolsVersion="4.0" xmlns="http://schemas.microsoft.com/developer/msbuild/2003">
  <ItemGroup>
    <Filter Include="Core">
      <UniqueIdentifier>{2EB4837C-1AEB-840D-C3D7-6A10AFED000F}</UniqueIdentifier>
    </Filter>
    <Filter Include="Core\Engine">
      <UniqueIdentifier>{F35E8B73-5F14-0469-E808-FE3F54BDFA6C}</UniqueIdentifier>
    </Filter>
    <Filter Include="Core\Event">
      <UniqueIdentifier>{FF1F37CD-EBD7-781A-54DF-517640B6130B}</UniqueIdentifier>
    </Filter>
    <Filter Include="Core\Event\KeyboardEvents">
      <UniqueIdentifier>{14132094-80D5-531E-C985-E2AA35872CFC}</UniqueIdentifier>
    </Filter>
    <Filter Include="Core\Event\MouseEvents">
      <UniqueIdentifier>{4C705E2A-386A-877C-21D7-1D8D0D70EDE8}</UniqueIdentifier>
    </Filter>
    <Filter Include="Core\Event\WindowEvents">
      <UniqueIdentifier>{FB484122-6780-89B9-708A-EDDCDC40B0B2}</UniqueIdentifier>
    </Filter>
    <Filter Include="Core\Logger">
      <UniqueIdentifier>{3D8AF183-A93F-6A79-3234-64509EE8607D}</UniqueIdentifier>
    </Filter>
    <Filter Include="Core\Memory">
      <UniqueIdentifier>{D62B9585-42E1-0D7B-CBD5-0752378A047F}</UniqueIdentifier>
    </Filter>
    <Filter Include="Core\View">
      <UniqueIdentifier>{58F5C415-C45F-798C-0D9E-2A32794757E1}</UniqueIdentifier>
    </Filter>
    <Filter Include="Core\Window">
      <UniqueIdentifier>{5581319D-C136-AA92-4A2B-A469B6DFA096}</UniqueIdentifier>
    </Filter>
    <Filter Include="Graphics">
      <UniqueIdentifier>{1653CE33-0220-293F-2B39-17E717655ECD}</UniqueIdentifier>
    </Filter>
    <Filter Include="Graphics\OpenGL">
      <UniqueIdentifier>{8AE717A8-F672-856C-FF83-08616B8EE16C}</UniqueIdentifier>
    </Filter>
    <Filter Include="Graphics\Types">
      <UniqueIdentifier>{3A8F5889-265D-4C8F-0FF1-BCB5FB5D28F4}</UniqueIdentifier>
    </Filter>
    <Filter Include="Graphics\Vulkan">
      <UniqueIdentifier>{D64BCAB8-42D7-377D-4BE8-BA71B7F2937D}</UniqueIdentifier>
    </Filter>
    <Filter Include="Graphics\Vulkan\Initialization">
      <UniqueIdentifier>{0DCFBE0B-F9F4-8872-E23A-0E3ECEFFAD3E}</UniqueIdentifier>
    </Filter>
    <Filter Include="Platform">
      <UniqueIdentifier>{2AC788B4-1694-E3BF-3FAD-D1672BD9184E}</UniqueIdentifier>
    </Filter>
    <Filter Include="Platform\WIN32">
      <UniqueIdentifier>{4C22C294-38F0-B59A-2184-26C10DF191FF}</UniqueIdentifier>
    </Filter>
    <Filter Include="Platform\WIN32\OpenGL">
      <UniqueIdentifier>{00BEAF2A-6C2A-6B25-351E-0383A1498D8D}</UniqueIdentifier>
    </Filter>
    <Filter Include="Platform\WIN32\Vulkan">
      <UniqueIdentifier>{4C22623B-B88E-1D36-8182-B593EDAD3F9E}</UniqueIdentifier>
    </Filter>
    <Filter Include="Util">
      <UniqueIdentifier>{23A78D7C-0FDE-8E0D-B8CA-7410A4E00A0F}</UniqueIdentifier>
    </Filter>
    <Filter Include="Util\CPUInfo">
      <UniqueIdentifier>{46D4A41A-3237-34BF-DBBC-6C75C7FEFF41}</UniqueIdentifier>
    </Filter>
  </ItemGroup>
  <ItemGroup>
    <ClInclude Include="src\Common.h" />
    <ClInclude Include="src\Core\Defines.h">
      <Filter>Core</Filter>
    </ClInclude>
    <ClInclude Include="src\Core\Engine\TurnipEngine.h">
      <Filter>Core\Engine</Filter>
    </ClInclude>
    <ClInclude Include="src\Core\Event\Event.h">
      <Filter>Core\Event</Filter>
    </ClInclude>
    <ClInclude Include="src\Core\Event\EventType.h">
      <Filter>Core\Event</Filter>
    </ClInclude>
    <ClInclude Include="src\Core\Event\Events.h">
      <Filter>Core\Event</Filter>
    </ClInclude>
    <ClInclude Include="src\Core\Event\KeyboardEvents\KeyPressedEvent.h">
      <Filter>Core\Event\KeyboardEvents</Filter>
    </ClInclude>
    <ClInclude Include="src\Core\Event\KeyboardEvents\KeyReleasedEvent.h">
      <Filter>Core\Event\KeyboardEvents</Filter>
    </ClInclude>
    <ClInclude Include="src\Core\Event\KeyboardEvents\KeyRepeatEvent.h">
      <Filter>Core\Event\KeyboardEvents</Filter>
    </ClInclude>
    <ClInclude Include="src\Core\Event\KeyboardEvents\KeyboardEvent.h">
      <Filter>Core\Event\KeyboardEvents</Filter>
    </ClInclude>
    <ClInclude Include="src\Core\Event\MouseEvents\MouseEvent.h">
      <Filter>Core\Event\MouseEvents</Filter>
    </ClInclude>
    <ClInclude Include="src\Core\Event\MouseEvents\MouseMovedEvent.h">
      <Filter>Core\Event\MouseEvents</Filter>
    </ClInclude>
    <ClInclude Include="src\Core\Event\MouseEvents\MousePressedEvent.h">
      <Filter>Core\Event\MouseEvents</Filter>
    </ClInclude>
    <ClInclude Include="src\Core\Event\MouseEvents\MouseReleasedEvent.h">
      <Filter>Core\Event\MouseEvents</Filter>
    </ClInclude>
    <ClInclude Include="src\Core\Event\MouseEvents\MouseScrollEvent.h">
      <Filter>Core\Event\MouseEvents</Filter>
    </ClInclude>
    <ClInclude Include="src\Core\Event\Subscriber.h">
      <Filter>Core\Event</Filter>
    </ClInclude>
    <ClInclude Include="src\Core\Event\WindowEvents\WindowCloseEvent.h">
      <Filter>Core\Event\WindowEvents</Filter>
    </ClInclude>
    <ClInclude Include="src\Core\Event\WindowEvents\WindowContentScaleEvent.h">
      <Filter>Core\Event\WindowEvents</Filter>
    </ClInclude>
    <ClInclude Include="src\Core\Event\WindowEvents\WindowFocusEvent.h">
      <Filter>Core\Event\WindowEvents</Filter>
    </ClInclude>
    <ClInclude Include="src\Core\Event\WindowEvents\WindowFramebufferEvent.h">
      <Filter>Core\Event\WindowEvents</Filter>
    </ClInclude>
    <ClInclude Include="src\Core\Event\WindowEvents\WindowMaximizedEvent.h">
      <Filter>Core\Event\WindowEvents</Filter>
    </ClInclude>
    <ClInclude Include="src\Core\Event\WindowEvents\WindowMovedEvent.h">
      <Filter>Core\Event\WindowEvents</Filter>
    </ClInclude>
    <ClInclude Include="src\Core\Event\WindowEvents\WindowResizeEvent.h">
      <Filter>Core\Event\WindowEvents</Filter>
    </ClInclude>
    <ClInclude Include="src\Core\Logger\Logger.h">
      <Filter>Core\Logger</Filter>
    </ClInclude>
    <ClInclude Include="src\Core\Memory\Memory.h">
      <Filter>Core\Memory</Filter>
    </ClInclude>
    <ClInclude Include="src\Core\NonCopyable.h">
      <Filter>Core</Filter>
    </ClInclude>
    <ClInclude Include="src\Core\View\View.h">
      <Filter>Core\View</Filter>
    </ClInclude>
    <ClInclude Include="src\Core\View\ViewSystem.h">
      <Filter>Core\View</Filter>
    </ClInclude>
    <ClInclude Include="src\Core\Window\MonitorData.h">
      <Filter>Core\Window</Filter>
    </ClInclude>
    <ClInclude Include="src\Core\Window\WindowBase.h">
      <Filter>Core\Window</Filter>
    </ClInclude>
    <ClInclude Include="src\Core\Window\WindowProperties.h">
      <Filter>Core\Window</Filter>
    </ClInclude>
    <ClInclude Include="src\Entry.h" />
    <ClInclude Include="src\Graphics\BackendType.h">
      <Filter>Graphics</Filter>
    </ClInclude>
    <ClInclude Include="src\Graphics\Graphics.h">
      <Filter>Graphics</Filter>
    </ClInclude>
    <ClInclude Include="src\Graphics\GraphicsBackend.h">
      <Filter>Graphics</Filter>
    </ClInclude>
    <ClInclude Include="src\Graphics\GraphicsSystem.h">
      <Filter>Graphics</Filter>
    </ClInclude>
    <ClInclude Include="src\Graphics\OpenGL\BackendOpenGL.h">
      <Filter>Graphics\OpenGL</Filter>
    </ClInclude>
    <ClInclude Include="src\Graphics\OpenGL\CommonGL.h">
      <Filter>Graphics\OpenGL</Filter>
    </ClInclude>
    <ClInclude Include="src\Graphics\OpenGL\PipelineOpenGL.h">
      <Filter>Graphics\OpenGL</Filter>
    </ClInclude>
    <ClInclude Include="src\Graphics\OpenGL\ShaderOpenGL.h">
      <Filter>Graphics\OpenGL</Filter>
    </ClInclude>
    <ClInclude Include="src\Graphics\Pipeline.h">
      <Filter>Graphics</Filter>
    </ClInclude>
    <ClInclude Include="src\Graphics\Shader.h">
      <Filter>Graphics</Filter>
    </ClInclude>
    <ClInclude Include="src\Graphics\Types\ColorBlending.h">
      <Filter>Graphics\Types</Filter>
    </ClInclude>
    <ClInclude Include="src\Graphics\Types\CullMode.h">
      <Filter>Graphics\Types</Filter>
    </ClInclude>
    <ClInclude Include="src\Graphics\Types\FrontFace.h">
      <Filter>Graphics\Types</Filter>
    </ClInclude>
    <ClInclude Include="src\Graphics\Types\PolygonMode.h">
      <Filter>Graphics\Types</Filter>
    </ClInclude>
    <ClInclude Include="src\Graphics\Types\PrimitiveTopology.h">
      <Filter>Graphics\Types</Filter>
    </ClInclude>
    <ClInclude Include="src\Graphics\Types\Scissor.h">
      <Filter>Graphics\Types</Filter>
    </ClInclude>
    <ClInclude Include="src\Graphics\Types\Viewport.h">
      <Filter>Graphics\Types</Filter>
    </ClInclude>
    <ClInclude Include="src\Graphics\Vulkan\BackendVulkan.h">
      <Filter>Graphics\Vulkan</Filter>
    </ClInclude>
    <ClInclude Include="src\Graphics\Vulkan\Constants.h">
      <Filter>Graphics\Vulkan</Filter>
    </ClInclude>
    <ClInclude Include="src\Graphics\Vulkan\Initialization\Frame.h">
      <Filter>Graphics\Vulkan\Initialization</Filter>
    </ClInclude>
    <ClInclude Include="src\Graphics\Vulkan\Initialization\Instance.h">
      <Filter>Graphics\Vulkan\Initialization</Filter>
    </ClInclude>
    <ClInclude Include="src\Graphics\Vulkan\Initialization\LogicalDevice.h">
      <Filter>Graphics\Vulkan\Initialization</Filter>
    </ClInclude>
    <ClInclude Include="src\Graphics\Vulkan\Initialization\PhysicalDevice.h">
      <Filter>Graphics\Vulkan\Initialization</Filter>
    </ClInclude>
    <ClInclude Include="src\Graphics\Vulkan\Initialization\Queues.h">
      <Filter>Graphics\Vulkan\Initialization</Filter>
    </ClInclude>
    <ClInclude Include="src\Graphics\Vulkan\Initialization\Swapchain.h">
      <Filter>Graphics\Vulkan\Initialization</Filter>
    </ClInclude>
    <ClInclude Include="src\Graphics\Vulkan\Initialization\VulkanInitializer.h">
      <Filter>Graphics\Vulkan\Initialization</Filter>
    </ClInclude>
    <ClInclude Include="src\Graphics\Vulkan\PipelineVulkan.h">
      <Filter>Graphics\Vulkan</Filter>
    </ClInclude>
    <ClInclude Include="src\Graphics\Vulkan\ShaderVulkan.h">
      <Filter>Graphics\Vulkan</Filter>
    </ClInclude>
    <ClInclude Include="src\Platform\Platform.h">
      <Filter>Platform</Filter>
    </ClInclude>
    <ClInclude Include="src\Platform\WIN32\Events_WIN32.h">
      <Filter>Platform\WIN32</Filter>
    </ClInclude>
    <ClInclude Include="src\Platform\WIN32\Monitor_WIN32.h">
      <Filter>Platform\WIN32</Filter>
    </ClInclude>
    <ClInclude Include="src\Platform\WIN32\OpenGL\SetupGL.h">
      <Filter>Platform\WIN32\OpenGL</Filter>
    </ClInclude>
    <ClInclude Include="src\Platform\WIN32\Setup_WIN32.h">
      <Filter>Platform\WIN32</Filter>
    </ClInclude>
    <ClInclude Include="src\Platform\WIN32\Vulkan\SetupVulkan.h">
      <Filter>Platform\WIN32\Vulkan</Filter>
    </ClInclude>
    <ClInclude Include="src\Platform\WIN32\Window_WIN32.h">
      <Filter>Platform\WIN32</Filter>
    </ClInclude>
    <ClInclude Include="src\Platform\WIN32\WindowsHeader.h">
      <Filter>Platform\WIN32</Filter>
    </ClInclude>
    <ClInclude Include="src\TurnipEngine.h" />
    <ClInclude Include="src\Util\CPUInfo\CPUInfo.h">
      <Filter>Util\CPUInfo</Filter>
    </ClInclude>
    <ClInclude Include="src\Util\File.h">
      <Filter>Util</Filter>
    </ClInclude>
    <ClInclude Include="src\pch.h" />
  </ItemGroup>
  <ItemGroup>
    <ClCompile Include="src\Core\Engine\TurnipEngine.cpp">
      <Filter>Core\Engine</Filter>
    </ClCompile>
    <ClCompile Include="src\Core\Logger\Logger.cpp">
      <Filter>Core\Logger</Filter>
    </ClCompile>
    <ClCompile Include="src\Core\View\ViewSystem.cpp">
      <Filter>Core\View</Filter>
    </ClCompile>
    <ClCompile Include="src\Graphics\GraphicsBackend.cpp">
      <Filter>Graphics</Filter>
    </ClCompile>
    <ClCompile Include="src\Graphics\GraphicsSystem.cpp">
      <Filter>Graphics</Filter>
    </ClCompile>
    <ClCompile Include="src\Graphics\OpenGL\BackendOpenGL.cpp">
      <Filter>Graphics\OpenGL</Filter>
    </ClCompile>
    <ClCompile Include="src\Graphics\OpenGL\PipelineOpenGL.cpp">
      <Filter>Graphics\OpenGL</Filter>
    </ClCompile>
    <ClCompile Include="src\Graphics\OpenGL\ShaderOpenGL.cpp">
      <Filter>Graphics\OpenGL</Filter>
    </ClCompile>
    <ClCompile Include="src\Graphics\Shader.cpp">
      <Filter>Graphics</Filter>
    </ClCompile>
    <ClCompile Include="src\Graphics\Vulkan\BackendVulkan.cpp">
      <Filter>Graphics\Vulkan</Filter>
    </ClCompile>
    <ClCompile Include="src\Graphics\Vulkan\Initialization\PhysicalDevice.cpp">
      <Filter>Graphics\Vulkan\Initialization</Filter>
    </ClCompile>
    <ClCompile Include="src\Graphics\Vulkan\PipelineVulkan.cpp">
      <Filter>Graphics\Vulkan</Filter>
    </ClCompile>
    <ClCompile Include="src\Graphics\Vulkan\ShaderVulkan.cpp">
      <Filter>Graphics\Vulkan</Filter>
    </ClCompile>
    <ClCompile Include="src\Platform\WIN32\Window_WIN32.cpp">
      <Filter>Platform\WIN32</Filter>
    </ClCompile>
    <ClCompile Include="src\Util\CPUInfo\CPUInfo.cpp">
      <Filter>Util\CPUInfo</Filter>
    </ClCompile>
    <ClCompile Include="src\pch.cpp" />
  </ItemGroup>
</Project>