<?xml version="1.0" encoding="utf-8"?>
<Project ToolsVersion="4.0" xmlns="http://schemas.microsoft.com/developer/msbuild/2003">
  <ItemGroup>
    <Filter Include="Core">
      <UniqueIdentifier>{2EB4837C-1AEB-840D-C3D7-6A10AFED000F}</UniqueIdentifier>
    </Filter>
    <Filter Include="Core\Logger">
      <UniqueIdentifier>{3D8AF183-A93F-6A79-3234-64509EE8607D}</UniqueIdentifier>
    </Filter>
    <Filter Include="Core\Memory">
      <UniqueIdentifier>{D62B9585-42E1-0D7B-CBD5-0752378A047F}</UniqueIdentifier>
    </Filter>
    <Filter Include="Core\Window">
      <UniqueIdentifier>{5581319D-C136-AA92-4A2B-A469B6DFA096}</UniqueIdentifier>
    </Filter>
    <Filter Include="Platform">
      <UniqueIdentifier>{2AC788B4-1694-E3BF-3FAD-D1672BD9184E}</UniqueIdentifier>
    </Filter>
    <Filter Include="Platform\GLFW">
      <UniqueIdentifier>{A98C9061-154D-0C98-DE87-55154A075174}</UniqueIdentifier>
    </Filter>
  </ItemGroup>
  <ItemGroup>
    <ClInclude Include="src\Common.h" />
    <ClInclude Include="src\Core\Logger\Logger.h">
      <Filter>Core\Logger</Filter>
    </ClInclude>
    <ClInclude Include="src\Core\Memory\Memory.h">
      <Filter>Core\Memory</Filter>
    </ClInclude>
    <ClInclude Include="src\Core\Window\MonitorData.h">
      <Filter>Core\Window</Filter>
    </ClInclude>
    <ClInclude Include="src\Core\Window\WindowProperties.h">
      <Filter>Core\Window</Filter>
    </ClInclude>
    <ClInclude Include="src\Platform\GLFW\Monitor_GLFW.h">
      <Filter>Platform\GLFW</Filter>
    </ClInclude>
    <ClInclude Include="src\Platform\GLFW\Setup_GLFW.h">
      <Filter>Platform\GLFW</Filter>
    </ClInclude>
    <ClInclude Include="src\Platform\GLFW\Window_GLFW.h">
      <Filter>Platform\GLFW</Filter>
    </ClInclude>
    <ClInclude Include="src\Platform\Platform.h">
      <Filter>Platform</Filter>
    </ClInclude>
    <ClInclude Include="src\TurnipEngine.h" />
    <ClInclude Include="src\pch.h" />
    <ClInclude Include="src\Core\Event\Event.h" />
    <ClInclude Include="src\Core\Event\EventType.h" />
    <ClInclude Include="src\Core\Event\Subscriber.h" />
    <ClInclude Include="src\Core\NonCopyable.h" />
    <ClInclude Include="src\Core\Event\WindowEvents\WindowCloseEvent.h" />
    <ClInclude Include="src\Core\Event\WindowEvents\WindowResizeEvent.h" />
    <ClInclude Include="src\Core\Event\Events.h" />
    <ClInclude Include="src\Core\Defines.h" />
    <ClInclude Include="src\Core\Event\WindowEvents\WindowFramebufferEvent.h" />
    <ClInclude Include="src\Core\Event\WindowEvents\WindowContentScaleEvent.h" />
    <ClInclude Include="src\Core\Event\WindowEvents\WindowMovedEvent.h" />
    <ClInclude Include="src\Core\Event\WindowEvents\WindowMaximizedEvent.h" />
    <ClInclude Include="src\Core\Event\WindowEvents\WindowFocusEvent.h" />
    <ClInclude Include="src\Core\Event\KeyboardEvents\KeyPressedEvent.h" />
    <ClInclude Include="src\Core\Event\KeyboardEvents\KeyboardEvent.h" />
    <ClInclude Include="src\Platform\GLFW\Events_GLFW.h" />
    <ClInclude Include="src\Core\Event\KeyboardEvents\KeyReleasedEvent.h" />
    <ClInclude Include="src\Core\Event\KeyboardEvents\KeyRepeatEvent.h" />
    <ClInclude Include="src\Core\Event\MouseEvents\MouseEvent.h" />
    <ClInclude Include="src\Core\Event\MouseEvents\MousePressedEvent.h" />
    <ClInclude Include="src\Core\Event\MouseEvents\MouseReleasedEvent.h" />
    <ClInclude Include="src\Core\Event\MouseEvents\MouseScrollEvent.h" />
    <ClInclude Include="src\Core\Event\MouseEvents\MouseMovedEvent.h" />
    <ClInclude Include="src\Platform\GLFW\EventDebug_GLFW.h" />
    <ClInclude Include="src\Util\CPUInfo\CPUInfo.h" />
    <ClInclude Include="src\Core\Engine\TurnipEngine.h" />
    <ClInclude Include="src\Core\View\View.h" />
    <ClInclude Include="src\Core\View\ViewHolder.h" />
    <ClInclude Include="src\Core\Engine\TurnipEngineData.h" />
    <ClInclude Include="src\Entry.h" />
    <ClInclude Include="src\Core\Window\WindowBase.h" />
    <ClInclude Include="src\Graphics\BackendType.h" />
    <ClInclude Include="src\Graphics\IGraphicsBackend.h" />
    <ClInclude Include="src\Platform\GLFW\OpenGL\SetupGL.h" />
    <ClInclude Include="src\Graphics\BackendVersion.h" />
    <ClInclude Include="src\Graphics\OpenGL\BackendOpenGL.h" />
    <ClInclude Include="src\Graphics\Graphics.h" />
  </ItemGroup>
  <ItemGroup>
    <ClCompile Include="src\Platform\GLFW\Window_GLFW.cpp">
      <Filter>Platform\GLFW</Filter>
    </ClCompile>
    <ClCompile Include="src\pch.cpp" />
    <ClCompile Include="src\Util\CPUInfo\CPUInfo.cpp" />
    <ClCompile Include="src\Core\Engine\TurnipEngine.cpp" />
    <ClCompile Include="src\Core\View\ViewHolder.cpp" />
    <ClCompile Include="src\Graphics\OpenGL\BackendOpenGL.cpp" />
  </ItemGroup>
</Project>